
Microsoft Visual Studio Solution File, Format Version 12.00
Project("{FAE04EC0-301F-11D3-BF4B-00C04F79EFBC}") = "APBD01-S30599", "APBD01-S30599\APBD01-S30599.csproj", "{B3CE06E1-0A96-4825-AA09-1465B29F2165}"
EndProject
Global
	GlobalSection(SolutionConfigurationPlatforms) = preSolution
		Debug|Any CPU = Debug|Any CPU
		Release|Any CPU = Release|Any CPU
	EndGlobalSection
	GlobalSection(ProjectConfigurationPlatforms) = postSolution
		{B3CE06E1-0A96-4825-AA09-1465B29F2165}.Debug|Any CPU.ActiveCfg = Debug|Any CPU
		{B3CE06E1-0A96-4825-AA09-1465B29F2165}.Debug|Any CPU.Build.0 = Debug|Any CPU
		{B3CE06E1-0A96-4825-AA09-1465B29F2165}.Release|Any CPU.ActiveCfg = Release|Any CPU
		{B3CE06E1-0A96-4825-AA09-1465B29F2165}.Release|Any CPU.Build.0 = Release|Any CPU
	EndGlobalSection
EndGlobal
